<Solution Description="Visual Studio slnx file generated by Premake" Version="1.4">
  <Configurations>
    <BuildType Name="Debug" />
    <BuildType Name="Release" />
    <Platform Name="Win32" />
  </Configurations>
  <Project Path="StarwandEngine\vendor\glad\Glad.vcxproj" Id="BDD6857C-A90D-870D-52FA-6C103E10030F">
  </Project>
  <Project Path="StarwandEngine\vendor\glfw\GLFW.vcxproj" Id="154B857C-0182-860D-AA6E-6C109684020F">
  </Project>
  <Project Path="Sandbox\Sandbox.vcxproj" Id="F4C124E3-60A1-A37E-69B9-2E55D5170AE0">
  </Project>
  <Project Path="StarwandEngine\vendor\spdlog\spdlog.vcxproj" Id="8EAD431C-7A4F-6EF2-630A-82464F4BF542">
  </Project>
  <Project Path="StarwandEngine\StarwandEngine.vcxproj" Id="FF4ED66B-EB1C-CA71-D4B0-3A98C01DA6D6">
  </Project>
</Solution>